
Microsoft Visual Studio Solution File, Format Version 12.00
# Visual Studio 15
VisualStudioVersion = 15.0.28010.2003
MinimumVisualStudioVersion = 10.0.40219.1
Project("{FAE04EC0-301F-11D3-BF4B-00C04F79EFBC}") = "DotNetRegExConsole", "DotNetRegExConsole\DotNetRegExConsole.csproj", "{442DE0A9-449A-4EDC-9BB9-3B71ECB24CBB}"
EndProject
Project("{FAE04EC0-301F-11D3-BF4B-00C04F79EFBC}") = "DotNetUtilsCommon", "DotNetUtilsCommon\DotNetUtilsCommon.csproj", "{F113638A-4EFF-4917-B814-0A7E514CC47F}"
EndProject
Project("{FAE04EC0-301F-11D3-BF4B-00C04F79EFBC}") = "DotNetXmlConsole", "DotNetXmlConsole\DotNetXmlConsole.csproj", "{1D0B143A-8E19-4468-8465-AC61C5994612}"
EndProject
Global
	GlobalSection(SolutionConfigurationPlatforms) = preSolution
		Debug|Any CPU = Debug|Any CPU
		Release|Any CPU = Release|Any CPU
	EndGlobalSection
	GlobalSection(ProjectConfigurationPlatforms) = postSolution
		{442DE0A9-449A-4EDC-9BB9-3B71ECB24CBB}.Debug|Any CPU.ActiveCfg = Debug|Any CPU
		{442DE0A9-449A-4EDC-9BB9-3B71ECB24CBB}.Debug|Any CPU.Build.0 = Debug|Any CPU
		{442DE0A9-449A-4EDC-9BB9-3B71ECB24CBB}.Release|Any CPU.ActiveCfg = Release|Any CPU
		{442DE0A9-449A-4EDC-9BB9-3B71ECB24CBB}.Release|Any CPU.Build.0 = Release|Any CPU
		{F113638A-4EFF-4917-B814-0A7E514CC47F}.Debug|Any CPU.ActiveCfg = Debug|Any CPU
		{F113638A-4EFF-4917-B814-0A7E514CC47F}.Debug|Any CPU.Build.0 = Debug|Any CPU
		{F113638A-4EFF-4917-B814-0A7E514CC47F}.Release|Any CPU.ActiveCfg = Release|Any CPU
		{F113638A-4EFF-4917-B814-0A7E514CC47F}.Release|Any CPU.Build.0 = Release|Any CPU
		{1D0B143A-8E19-4468-8465-AC61C5994612}.Debug|Any CPU.ActiveCfg = Debug|Any CPU
		{1D0B143A-8E19-4468-8465-AC61C5994612}.Debug|Any CPU.Build.0 = Debug|Any CPU
		{1D0B143A-8E19-4468-8465-AC61C5994612}.Release|Any CPU.ActiveCfg = Release|Any CPU
		{1D0B143A-8E19-4468-8465-AC61C5994612}.Release|Any CPU.Build.0 = Release|Any CPU
	EndGlobalSection
	GlobalSection(SolutionProperties) = preSolution
		HideSolutionNode = FALSE
	EndGlobalSection
	GlobalSection(ExtensibilityGlobals) = postSolution
		SolutionGuid = {59D6EE80-4524-4558-AEC3-88DF316EFC10}
	EndGlobalSection
EndGlobal
